{
  "pins" : [
    {
      "identity" : "swift-case-paths",
      "kind" : "remoteSourceControl",
      "location" : "https://github.com/pointfreeco/swift-case-paths",
      "state" : {
        "revision" : "7346701ea29da0a85d4403cf3d7a589a58ae3dee",
        "version" : "0.9.2"
      }
    },
    {
      "identity" : "swiftdi",
      "kind" : "remoteSourceControl",
      "location" : "https://github.com/AnarchoSystems/SwiftDI.git",
      "state" : {
        "branch" : "main",
        "revision" : "4ccda6a9a9feea0661a9f2a938acd30498541b74"
      }
    }
  ],
  "version" : 2
}
